
Microsoft Visual Studio Solution File, Format Version 12.00
# Visual Studio Version 16
VisualStudioVersion = 16.0.30907.101
MinimumVisualStudioVersion = 10.0.40219.1
Project("{FAE04EC0-301F-11D3-BF4B-00C04F79EFBC}") = "DBCommand", "DBCommand\DBCommand.csproj", "{D9E4AE10-D853-47C5-9ACA-F7D27C7F558F}"
EndProject
Global
	GlobalSection(SolutionConfigurationPlatforms) = preSolution
		Debug|Any CPU = Debug|Any CPU
		Release|Any CPU = Release|Any CPU
	EndGlobalSection
	GlobalSection(ProjectConfigurationPlatforms) = postSolution
		{D9E4AE10-D853-47C5-9ACA-F7D27C7F558F}.Debug|Any CPU.ActiveCfg = Debug|Any CPU
		{D9E4AE10-D853-47C5-9ACA-F7D27C7F558F}.Debug|Any CPU.Build.0 = Debug|Any CPU
		{D9E4AE10-D853-47C5-9ACA-F7D27C7F558F}.Release|Any CPU.ActiveCfg = Release|Any CPU
		{D9E4AE10-D853-47C5-9ACA-F7D27C7F558F}.Release|Any CPU.Build.0 = Release|Any CPU
	EndGlobalSection
	GlobalSection(SolutionProperties) = preSolution
		HideSolutionNode = FALSE
	EndGlobalSection
	GlobalSection(ExtensibilityGlobals) = postSolution
		SolutionGuid = {F92EC1BD-930A-42FE-BEF2-DCE34778F782}
	EndGlobalSection
EndGlobal
