
Microsoft Visual Studio Solution File, Format Version 12.00
# Visual Studio Version 16
VisualStudioVersion = 16.0.30907.101
MinimumVisualStudioVersion = 10.0.40219.1
Project("{FAE04EC0-301F-11D3-BF4B-00C04F79EFBC}") = "DataAdapterProgram", "DataAdapterProgram\DataAdapterProgram.csproj", "{D58B104B-C874-44DC-814A-09472F371DCD}"
EndProject
Global
	GlobalSection(SolutionConfigurationPlatforms) = preSolution
		Debug|Any CPU = Debug|Any CPU
		Release|Any CPU = Release|Any CPU
	EndGlobalSection
	GlobalSection(ProjectConfigurationPlatforms) = postSolution
		{D58B104B-C874-44DC-814A-09472F371DCD}.Debug|Any CPU.ActiveCfg = Debug|Any CPU
		{D58B104B-C874-44DC-814A-09472F371DCD}.Debug|Any CPU.Build.0 = Debug|Any CPU
		{D58B104B-C874-44DC-814A-09472F371DCD}.Release|Any CPU.ActiveCfg = Release|Any CPU
		{D58B104B-C874-44DC-814A-09472F371DCD}.Release|Any CPU.Build.0 = Release|Any CPU
	EndGlobalSection
	GlobalSection(SolutionProperties) = preSolution
		HideSolutionNode = FALSE
	EndGlobalSection
	GlobalSection(ExtensibilityGlobals) = postSolution
		SolutionGuid = {659F0112-EBD0-46AA-B840-E8BFD8D4A97E}
	EndGlobalSection
EndGlobal
